{
  "requires": true,
  "lockfileVersion": 1,
  "dependencies": {
    "workbox-sw": {
      "version": "6.1.5",
      "resolved": "https://registry.npmjs.org/workbox-sw/-/workbox-sw-6.1.5.tgz",
      "integrity": "sha512-IMDiqxYbKzPorZLGMUMacLB6r76iVQbdTzYthIZoPfy+uFURJFUtqiWQJKg1L+RMyuYXwKXTahCIGkgFs4jBeg=="
    }
  }
}
